// !$*UTF8*$!
{
	archiveVersion = 1;
	classes = {
	};
	objectVersion = 48;
	objects = {

/* Begin PBXBuildFile section */
		EE1E33EB1FDD8451006D0F31 /* AppDelegate.swift in Sources */ = {isa = PBXBuildFile; fileRef = EE1E33EA1FDD8451006D0F31 /* AppDelegate.swift */; };
		EE1E33ED1FDD8451006D0F31 /* ViewController.swift in Sources */ = {isa = PBXBuildFile; fileRef = EE1E33EC1FDD8451006D0F31 /* ViewController.swift */; };
		EE1E33F01FDD8451006D0F31 /* Main.storyboard in Resources */ = {isa = PBXBuildFile; fileRef = EE1E33EE1FDD8451006D0F31 /* Main.storyboard */; };
		EE1E33F31FDD8451006D0F31 /* Microfeature.xcdatamodeld in Sources */ = {isa = PBXBuildFile; fileRef = EE1E33F11FDD8451006D0F31 /* Microfeature.xcdatamodeld */; };
		EE1E33F51FDD8451006D0F31 /* Assets.xcassets in Resources */ = {isa = PBXBuildFile; fileRef = EE1E33F41FDD8451006D0F31 /* Assets.xcassets */; };
		EE1E33F81FDD8451006D0F31 /* LaunchScreen.storyboard in Resources */ = {isa = PBXBuildFile; fileRef = EE1E33F61FDD8451006D0F31 /* LaunchScreen.storyboard */; };
		EE1E34031FDD8452006D0F31 /* MicrofeatureTests.swift in Sources */ = {isa = PBXBuildFile; fileRef = EE1E34021FDD8452006D0F31 /* MicrofeatureTests.swift */; };
		EE1E340E1FDD8452006D0F31 /* MicrofeatureUITests.swift in Sources */ = {isa = PBXBuildFile; fileRef = EE1E340D1FDD8452006D0F31 /* MicrofeatureUITests.swift */; };
		EE1E347A1FDD9263006D0F31 /* CoreFeature.framework in Frameworks */ = {isa = PBXBuildFile; fileRef = EE1E34791FDD9263006D0F31 /* CoreFeature.framework */; };
		EE1E347B1FDD9263006D0F31 /* CoreFeature.framework in Embed Frameworks */ = {isa = PBXBuildFile; fileRef = EE1E34791FDD9263006D0F31 /* CoreFeature.framework */; settings = {ATTRIBUTES = (CodeSignOnCopy, RemoveHeadersOnCopy, ); }; };
		EE1E347D1FDD9263006D0F31 /* ComponentFeature.framework in Frameworks */ = {isa = PBXBuildFile; fileRef = EE1E347C1FDD9263006D0F31 /* ComponentFeature.framework */; };
		EE1E347E1FDD9263006D0F31 /* ComponentFeature.framework in Embed Frameworks */ = {isa = PBXBuildFile; fileRef = EE1E347C1FDD9263006D0F31 /* ComponentFeature.framework */; settings = {ATTRIBUTES = (CodeSignOnCopy, RemoveHeadersOnCopy, ); }; };
/* End PBXBuildFile section */

/* Begin PBXContainerItemProxy section */
		EE1E33FF1FDD8452006D0F31 /* PBXContainerItemProxy */ = {
			isa = PBXContainerItemProxy;
			containerPortal = EE1E33DF1FDD8451006D0F31 /* Project object */;
			proxyType = 1;
			remoteGlobalIDString = EE1E33E61FDD8451006D0F31;
			remoteInfo = Microfeature;
		};
		EE1E340A1FDD8452006D0F31 /* PBXContainerItemProxy */ = {
			isa = PBXContainerItemProxy;
			containerPortal = EE1E33DF1FDD8451006D0F31 /* Project object */;
			proxyType = 1;
			remoteGlobalIDString = EE1E33E61FDD8451006D0F31;
			remoteInfo = Microfeature;
		};
/* End PBXContainerItemProxy section */

/* Begin PBXCopyFilesBuildPhase section */
		EE1E34451FDD897C006D0F31 /* Embed Frameworks */ = {
			isa = PBXCopyFilesBuildPhase;
			buildActionMask = 2147483647;
			dstPath = "";
			dstSubfolderSpec = 10;
			files = (
				EE1E347B1FDD9263006D0F31 /* CoreFeature.framework in Embed Frameworks */,
				EE1E347E1FDD9263006D0F31 /* ComponentFeature.framework in Embed Frameworks */,
			);
			name = "Embed Frameworks";
			runOnlyForDeploymentPostprocessing = 0;
		};
/* End PBXCopyFilesBuildPhase section */

/* Begin PBXFileReference section */
		EE1E33E71FDD8451006D0F31 /* Microfeature.app */ = {isa = PBXFileReference; explicitFileType = wrapper.application; includeInIndex = 0; path = Microfeature.app; sourceTree = BUILT_PRODUCTS_DIR; };
		EE1E33EA1FDD8451006D0F31 /* AppDelegate.swift */ = {isa = PBXFileReference; lastKnownFileType = sourcecode.swift; path = AppDelegate.swift; sourceTree = "<group>"; };
		EE1E33EC1FDD8451006D0F31 /* ViewController.swift */ = {isa = PBXFileReference; lastKnownFileType = sourcecode.swift; path = ViewController.swift; sourceTree = "<group>"; };
		EE1E33EF1FDD8451006D0F31 /* Base */ = {isa = PBXFileReference; lastKnownFileType = file.storyboard; name = Base; path = Base.lproj/Main.storyboard; sourceTree = "<group>"; };
		EE1E33F21FDD8451006D0F31 /* Microfeature.xcdatamodel */ = {isa = PBXFileReference; lastKnownFileType = wrapper.xcdatamodel; path = Microfeature.xcdatamodel; sourceTree = "<group>"; };
		EE1E33F41FDD8451006D0F31 /* Assets.xcassets */ = {isa = PBXFileReference; lastKnownFileType = folder.assetcatalog; path = Assets.xcassets; sourceTree = "<group>"; };
		EE1E33F71FDD8451006D0F31 /* Base */ = {isa = PBXFileReference; lastKnownFileType = file.storyboard; name = Base; path = Base.lproj/LaunchScreen.storyboard; sourceTree = "<group>"; };
		EE1E33F91FDD8451006D0F31 /* Info.plist */ = {isa = PBXFileReference; lastKnownFileType = text.plist.xml; path = Info.plist; sourceTree = "<group>"; };
		EE1E33FE1FDD8452006D0F31 /* MicrofeatureTests.xctest */ = {isa = PBXFileReference; explicitFileType = wrapper.cfbundle; includeInIndex = 0; path = MicrofeatureTests.xctest; sourceTree = BUILT_PRODUCTS_DIR; };
		EE1E34021FDD8452006D0F31 /* MicrofeatureTests.swift */ = {isa = PBXFileReference; lastKnownFileType = sourcecode.swift; path = MicrofeatureTests.swift; sourceTree = "<group>"; };
		EE1E34041FDD8452006D0F31 /* Info.plist */ = {isa = PBXFileReference; lastKnownFileType = text.plist.xml; path = Info.plist; sourceTree = "<group>"; };
		EE1E34091FDD8452006D0F31 /* MicrofeatureUITests.xctest */ = {isa = PBXFileReference; explicitFileType = wrapper.cfbundle; includeInIndex = 0; path = MicrofeatureUITests.xctest; sourceTree = BUILT_PRODUCTS_DIR; };
		EE1E340D1FDD8452006D0F31 /* MicrofeatureUITests.swift */ = {isa = PBXFileReference; lastKnownFileType = sourcecode.swift; path = MicrofeatureUITests.swift; sourceTree = "<group>"; };
		EE1E340F1FDD8452006D0F31 /* Info.plist */ = {isa = PBXFileReference; lastKnownFileType = text.plist.xml; path = Info.plist; sourceTree = "<group>"; };
		EE1E34791FDD9263006D0F31 /* CoreFeature.framework */ = {isa = PBXFileReference; explicitFileType = wrapper.framework; path = CoreFeature.framework; sourceTree = BUILT_PRODUCTS_DIR; };
		EE1E347C1FDD9263006D0F31 /* ComponentFeature.framework */ = {isa = PBXFileReference; explicitFileType = wrapper.framework; path = ComponentFeature.framework; sourceTree = BUILT_PRODUCTS_DIR; };
/* End PBXFileReference section */

/* Begin PBXFrameworksBuildPhase section */
		EE1E33E41FDD8451006D0F31 /* Frameworks */ = {
			isa = PBXFrameworksBuildPhase;
			buildActionMask = 2147483647;
			files = (
				EE1E347A1FDD9263006D0F31 /* CoreFeature.framework in Frameworks */,
				EE1E347D1FDD9263006D0F31 /* ComponentFeature.framework in Frameworks */,
			);
			runOnlyForDeploymentPostprocessing = 0;
		};
		EE1E33FB1FDD8452006D0F31 /* Frameworks */ = {
			isa = PBXFrameworksBuildPhase;
			buildActionMask = 2147483647;
			files = (
			);
			runOnlyForDeploymentPostprocessing = 0;
		};
		EE1E34061FDD8452006D0F31 /* Frameworks */ = {
			isa = PBXFrameworksBuildPhase;
			buildActionMask = 2147483647;
			files = (
			);
			runOnlyForDeploymentPostprocessing = 0;
		};
/* End PBXFrameworksBuildPhase section */

/* Begin PBXGroup section */
		EE1E33DE1FDD8451006D0F31 = {
			isa = PBXGroup;
			children = (
				EE1E33E91FDD8451006D0F31 /* Microfeature */,
				EE1E34011FDD8452006D0F31 /* MicrofeatureTests */,
				EE1E340C1FDD8452006D0F31 /* MicrofeatureUITests */,
				EE1E33E81FDD8451006D0F31 /* Products */,
				EE1E343F1FDD8686006D0F31 /* Frameworks */,
			);
			sourceTree = "<group>";
		};
		EE1E33E81FDD8451006D0F31 /* Products */ = {
			isa = PBXGroup;
			children = (
				EE1E33E71FDD8451006D0F31 /* Microfeature.app */,
				EE1E33FE1FDD8452006D0F31 /* MicrofeatureTests.xctest */,
				EE1E34091FDD8452006D0F31 /* MicrofeatureUITests.xctest */,
			);
			name = Products;
			sourceTree = "<group>";
		};
		EE1E33E91FDD8451006D0F31 /* Microfeature */ = {
			isa = PBXGroup;
			children = (
				EE1E33EA1FDD8451006D0F31 /* AppDelegate.swift */,
				EE1E33EC1FDD8451006D0F31 /* ViewController.swift */,
				EE1E33EE1FDD8451006D0F31 /* Main.storyboard */,
				EE1E33F41FDD8451006D0F31 /* Assets.xcassets */,
				EE1E33F61FDD8451006D0F31 /* LaunchScreen.storyboard */,
				EE1E33F91FDD8451006D0F31 /* Info.plist */,
				EE1E33F11FDD8451006D0F31 /* Microfeature.xcdatamodeld */,
			);
			path = Microfeature;
			sourceTree = "<group>";
		};
		EE1E34011FDD8452006D0F31 /* MicrofeatureTests */ = {
			isa = PBXGroup;
			children = (
				EE1E34021FDD8452006D0F31 /* MicrofeatureTests.swift */,
				EE1E34041FDD8452006D0F31 /* Info.plist */,
			);
			path = MicrofeatureTests;
			sourceTree = "<group>";
		};
		EE1E340C1FDD8452006D0F31 /* MicrofeatureUITests */ = {
			isa = PBXGroup;
			children = (
				EE1E340D1FDD8452006D0F31 /* MicrofeatureUITests.swift */,
				EE1E340F1FDD8452006D0F31 /* Info.plist */,
			);
			path = MicrofeatureUITests;
			sourceTree = "<group>";
		};
		EE1E343F1FDD8686006D0F31 /* Frameworks */ = {
			isa = PBXGroup;
			children = (
				EE1E347C1FDD9263006D0F31 /* ComponentFeature.framework */,
				EE1E34791FDD9263006D0F31 /* CoreFeature.framework */,
			);
			name = Frameworks;
			sourceTree = "<group>";
		};
/* End PBXGroup section */

/* Begin PBXNativeTarget section */
		EE1E33E61FDD8451006D0F31 /* Microfeature */ = {
			isa = PBXNativeTarget;
			buildConfigurationList = EE1E34121FDD8452006D0F31 /* Build configuration list for PBXNativeTarget "Microfeature" */;
			buildPhases = (
				EE1E33E31FDD8451006D0F31 /* Sources */,
				EE1E33E41FDD8451006D0F31 /* Frameworks */,
				EE1E33E51FDD8451006D0F31 /* Resources */,
				EE1E34451FDD897C006D0F31 /* Embed Frameworks */,
			);
			buildRules = (
			);
			dependencies = (
			);
			name = Microfeature;
			productName = Microfeature;
			productReference = EE1E33E71FDD8451006D0F31 /* Microfeature.app */;
			productType = "com.apple.product-type.application";
		};
		EE1E33FD1FDD8452006D0F31 /* MicrofeatureTests */ = {
			isa = PBXNativeTarget;
			buildConfigurationList = EE1E34151FDD8452006D0F31 /* Build configuration list for PBXNativeTarget "MicrofeatureTests" */;
			buildPhases = (
				EE1E33FA1FDD8452006D0F31 /* Sources */,
				EE1E33FB1FDD8452006D0F31 /* Frameworks */,
				EE1E33FC1FDD8452006D0F31 /* Resources */,
			);
			buildRules = (
			);
			dependencies = (
				EE1E34001FDD8452006D0F31 /* PBXTargetDependency */,
			);
			name = MicrofeatureTests;
			productName = MicrofeatureTests;
			productReference = EE1E33FE1FDD8452006D0F31 /* MicrofeatureTests.xctest */;
			productType = "com.apple.product-type.bundle.unit-test";
		};
		EE1E34081FDD8452006D0F31 /* MicrofeatureUITests */ = {
			isa = PBXNativeTarget;
			buildConfigurationList = EE1E34181FDD8452006D0F31 /* Build configuration list for PBXNativeTarget "MicrofeatureUITests" */;
			buildPhases = (
				EE1E34051FDD8452006D0F31 /* Sources */,
				EE1E34061FDD8452006D0F31 /* Frameworks */,
				EE1E34071FDD8452006D0F31 /* Resources */,
			);
			buildRules = (
			);
			dependencies = (
				EE1E340B1FDD8452006D0F31 /* PBXTargetDependency */,
			);
			name = MicrofeatureUITests;
			productName = MicrofeatureUITests;
			productReference = EE1E34091FDD8452006D0F31 /* MicrofeatureUITests.xctest */;
			productType = "com.apple.product-type.bundle.ui-testing";
		};
/* End PBXNativeTarget section */

/* Begin PBXProject section */
		EE1E33DF1FDD8451006D0F31 /* Project object */ = {
			isa = PBXProject;
			attributes = {
				LastSwiftUpdateCheck = 0920;
				LastUpgradeCheck = 0920;
				ORGANIZATIONNAME = "Ron Daryl Magno";
				TargetAttributes = {
					EE1E33E61FDD8451006D0F31 = {
						CreatedOnToolsVersion = 9.2;
						ProvisioningStyle = Automatic;
					};
					EE1E33FD1FDD8452006D0F31 = {
						CreatedOnToolsVersion = 9.2;
						ProvisioningStyle = Automatic;
						TestTargetID = EE1E33E61FDD8451006D0F31;
					};
					EE1E34081FDD8452006D0F31 = {
						CreatedOnToolsVersion = 9.2;
						ProvisioningStyle = Automatic;
						TestTargetID = EE1E33E61FDD8451006D0F31;
					};
				};
			};
			buildConfigurationList = EE1E33E21FDD8451006D0F31 /* Build configuration list for PBXProject "Microfeature" */;
			compatibilityVersion = "Xcode 8.0";
			developmentRegion = en;
			hasScannedForEncodings = 0;
			knownRegions = (
				en,
				Base,
			);
			mainGroup = EE1E33DE1FDD8451006D0F31;
			productRefGroup = EE1E33E81FDD8451006D0F31 /* Products */;
			projectDirPath = "";
			projectRoot = "";
			targets = (
				EE1E33E61FDD8451006D0F31 /* Microfeature */,
				EE1E33FD1FDD8452006D0F31 /* MicrofeatureTests */,
				EE1E34081FDD8452006D0F31 /* MicrofeatureUITests */,
			);
		};
/* End PBXProject section */

/* Begin PBXResourcesBuildPhase section */
		EE1E33E51FDD8451006D0F31 /* Resources */ = {
			isa = PBXResourcesBuildPhase;
			buildActionMask = 2147483647;
			files = (
				EE1E33F81FDD8451006D0F31 /* LaunchScreen.storyboard in Resources */,
				EE1E33F51FDD8451006D0F31 /* Assets.xcassets in Resources */,
				EE1E33F01FDD8451006D0F31 /* Main.storyboard in Resources */,
			);
			runOnlyForDeploymentPostprocessing = 0;
		};
		EE1E33FC1FDD8452006D0F31 /* Resources */ = {
			isa = PBXResourcesBuildPhase;
			buildActionMask = 2147483647;
			files = (
			);
			runOnlyForDeploymentPostprocessing = 0;
		};
		EE1E34071FDD8452006D0F31 /* Resources */ = {
			isa = PBXResourcesBuildPhase;
			buildActionMask = 2147483647;
			files = (
			);
			runOnlyForDeploymentPostprocessing = 0;
		};
/* End PBXResourcesBuildPhase section */

/* Begin PBXSourcesBuildPhase section */
		EE1E33E31FDD8451006D0F31 /* Sources */ = {
			isa = PBXSourcesBuildPhase;
			buildActionMask = 2147483647;
			files = (
				EE1E33F31FDD8451006D0F31 /* Microfeature.xcdatamodeld in Sources */,
				EE1E33ED1FDD8451006D0F31 /* ViewController.swift in Sources */,
				EE1E33EB1FDD8451006D0F31 /* AppDelegate.swift in Sources */,
			);
			runOnlyForDeploymentPostprocessing = 0;
		};
		EE1E33FA1FDD8452006D0F31 /* Sources */ = {
			isa = PBXSourcesBuildPhase;
			buildActionMask = 2147483647;
			files = (
				EE1E34031FDD8452006D0F31 /* MicrofeatureTests.swift in Sources */,
			);
			runOnlyForDeploymentPostprocessing = 0;
		};
		EE1E34051FDD8452006D0F31 /* Sources */ = {
			isa = PBXSourcesBuildPhase;
			buildActionMask = 2147483647;
			files = (
				EE1E340E1FDD8452006D0F31 /* MicrofeatureUITests.swift in Sources */,
			);
			runOnlyForDeploymentPostprocessing = 0;
		};
/* End PBXSourcesBuildPhase section */

/* Begin PBXTargetDependency section */
		EE1E34001FDD8452006D0F31 /* PBXTargetDependency */ = {
			isa = PBXTargetDependency;
			target = EE1E33E61FDD8451006D0F31 /* Microfeature */;
			targetProxy = EE1E33FF1FDD8452006D0F31 /* PBXContainerItemProxy */;
		};
		EE1E340B1FDD8452006D0F31 /* PBXTargetDependency */ = {
			isa = PBXTargetDependency;
			target = EE1E33E61FDD8451006D0F31 /* Microfeature */;
			targetProxy = EE1E340A1FDD8452006D0F31 /* PBXContainerItemProxy */;
		};
/* End PBXTargetDependency section */

/* Begin PBXVariantGroup section */
		EE1E33EE1FDD8451006D0F31 /* Main.storyboard */ = {
			isa = PBXVariantGroup;
			children = (
				EE1E33EF1FDD8451006D0F31 /* Base */,
			);
			name = Main.storyboard;
			sourceTree = "<group>";
		};
		EE1E33F61FDD8451006D0F31 /* LaunchScreen.storyboard */ = {
			isa = PBXVariantGroup;
			children = (
				EE1E33F71FDD8451006D0F31 /* Base */,
			);
			name = LaunchScreen.storyboard;
			sourceTree = "<group>";
		};
/* End PBXVariantGroup section */

/* Begin XCBuildConfiguration section */
		EE1E34101FDD8452006D0F31 /* Debug */ = {
			isa = XCBuildConfiguration;
			buildSettings = {
				ALWAYS_SEARCH_USER_PATHS = NO;
				CLANG_ANALYZER_NONNULL = YES;
				CLANG_ANALYZER_NUMBER_OBJECT_CONVERSION = YES_AGGRESSIVE;
				CLANG_CXX_LANGUAGE_STANDARD = "gnu++14";
				CLANG_CXX_LIBRARY = "libc++";
				CLANG_ENABLE_MODULES = YES;
				CLANG_ENABLE_OBJC_ARC = YES;
				CLANG_WARN_BLOCK_CAPTURE_AUTORELEASING = YES;
				CLANG_WARN_BOOL_CONVERSION = YES;
				CLANG_WARN_COMMA = YES;
				CLANG_WARN_CONSTANT_CONVERSION = YES;
				CLANG_WARN_DIRECT_OBJC_ISA_USAGE = YES_ERROR;
				CLANG_WARN_DOCUMENTATION_COMMENTS = YES;
				CLANG_WARN_EMPTY_BODY = YES;
				CLANG_WARN_ENUM_CONVERSION = YES;
				CLANG_WARN_INFINITE_RECURSION = YES;
				CLANG_WARN_INT_CONVERSION = YES;
				CLANG_WARN_NON_LITERAL_NULL_CONVERSION = YES;
				CLANG_WARN_OBJC_LITERAL_CONVERSION = YES;
				CLANG_WARN_OBJC_ROOT_CLASS = YES_ERROR;
				CLANG_WARN_RANGE_LOOP_ANALYSIS = YES;
				CLANG_WARN_STRICT_PROTOTYPES = YES;
				CLANG_WARN_SUSPICIOUS_MOVE = YES;
				CLANG_WARN_UNGUARDED_AVAILABILITY = YES_AGGRESSIVE;
				CLANG_WARN_UNREACHABLE_CODE = YES;
				CLANG_WARN__DUPLICATE_METHOD_MATCH = YES;
				CODE_SIGN_IDENTITY = "iPhone Developer";
				COPY_PHASE_STRIP = NO;
				DEBUG_INFORMATION_FORMAT = dwarf;
				ENABLE_STRICT_OBJC_MSGSEND = YES;
				ENABLE_TESTABILITY = YES;
				GCC_C_LANGUAGE_STANDARD = gnu11;
				GCC_DYNAMIC_NO_PIC = NO;
				GCC_NO_COMMON_BLOCKS = YES;
				GCC_OPTIMIZATION_LEVEL = 0;
				GCC_PREPROCESSOR_DEFINITIONS = (
					"DEBUG=1",
					"$(inherited)",
				);
				GCC_WARN_64_TO_32_BIT_CONVERSION = YES;
				GCC_WARN_ABOUT_RETURN_TYPE = YES_ERROR;
				GCC_WARN_UNDECLARED_SELECTOR = YES;
				GCC_WARN_UNINITIALIZED_AUTOS = YES_AGGRESSIVE;
				GCC_WARN_UNUSED_FUNCTION = YES;
				GCC_WARN_UNUSED_VARIABLE = YES;
				IPHONEOS_DEPLOYMENT_TARGET = 11.2;
				MTL_ENABLE_DEBUG_INFO = YES;
				ONLY_ACTIVE_ARCH = YES;
				SDKROOT = iphoneos;
				SWIFT_ACTIVE_COMPILATION_CONDITIONS = DEBUG;
				SWIFT_OPTIMIZATION_LEVEL = "-Onone";
			};
			name = Debug;
		};
		EE1E34111FDD8452006D0F31 /* Release */ = {
			isa = XCBuildConfiguration;
			buildSettings = {
				ALWAYS_SEARCH_USER_PATHS = NO;
				CLANG_ANALYZER_NONNULL = YES;
				CLANG_ANALYZER_NUMBER_OBJECT_CONVERSION = YES_AGGRESSIVE;
				CLANG_CXX_LANGUAGE_STANDARD = "gnu++14";
				CLANG_CXX_LIBRARY = "libc++";
				CLANG_ENABLE_MODULES = YES;
				CLANG_ENABLE_OBJC_ARC = YES;
				CLANG_WARN_BLOCK_CAPTURE_AUTORELEASING = YES;
				CLANG_WARN_BOOL_CONVERSION = YES;
				CLANG_WARN_COMMA = YES;
				CLANG_WARN_CONSTANT_CONVERSION = YES;
				CLANG_WARN_DIRECT_OBJC_ISA_USAGE = YES_ERROR;
				CLANG_WARN_DOCUMENTATION_COMMENTS = YES;
				CLANG_WARN_EMPTY_BODY = YES;
				CLANG_WARN_ENUM_CONVERSION = YES;
				CLANG_WARN_INFINITE_RECURSION = YES;
				CLANG_WARN_INT_CONVERSION = YES;
				CLANG_WARN_NON_LITERAL_NULL_CONVERSION = YES;
				CLANG_WARN_OBJC_LITERAL_CONVERSION = YES;
				CLANG_WARN_OBJC_ROOT_CLASS = YES_ERROR;
				CLANG_WARN_RANGE_LOOP_ANALYSIS = YES;
				CLANG_WARN_STRICT_PROTOTYPES = YES;
				CLANG_WARN_SUSPICIOUS_MOVE = YES;
				CLANG_WARN_UNGUARDED_AVAILABILITY = YES_AGGRESSIVE;
				CLANG_WARN_UNREACHABLE_CODE = YES;
				CLANG_WARN__DUPLICATE_METHOD_MATCH = YES;
				CODE_SIGN_IDENTITY = "iPhone Developer";
				COPY_PHASE_STRIP = NO;
				DEBUG_INFORMATION_FORMAT = "dwarf-with-dsym";
				ENABLE_NS_ASSERTIONS = NO;
				ENABLE_STRICT_OBJC_MSGSEND = YES;
				GCC_C_LANGUAGE_STANDARD = gnu11;
				GCC_NO_COMMON_BLOCKS = YES;
				GCC_WARN_64_TO_32_BIT_CONVERSION = YES;
				GCC_WARN_ABOUT_RETURN_TYPE = YES_ERROR;
				GCC_WARN_UNDECLARED_SELECTOR = YES;
				GCC_WARN_UNINITIALIZED_AUTOS = YES_AGGRESSIVE;
				GCC_WARN_UNUSED_FUNCTION = YES;
				GCC_WARN_UNUSED_VARIABLE = YES;
				IPHONEOS_DEPLOYMENT_TARGET = 11.2;
				MTL_ENABLE_DEBUG_INFO = NO;
				SDKROOT = iphoneos;
				SWIFT_OPTIMIZATION_LEVEL = "-Owholemodule";
				VALIDATE_PRODUCT = YES;
			};
			name = Release;
		};
		EE1E34131FDD8452006D0F31 /* Debug */ = {
			isa = XCBuildConfiguration;
			buildSettings = {
				ASSETCATALOG_COMPILER_APPICON_NAME = AppIcon;
				CODE_SIGN_STYLE = Automatic;
				INFOPLIST_FILE = Microfeature/Info.plist;
				LD_RUNPATH_SEARCH_PATHS = "$(inherited) @executable_path/Frameworks";
				PRODUCT_BUNDLE_IDENTIFIER = com.ronzohan.Microfeature;
				PRODUCT_NAME = "$(TARGET_NAME)";
				SWIFT_VERSION = 4.0;
				TARGETED_DEVICE_FAMILY = "1,2";
			};
			name = Debug;
		};
		EE1E34141FDD8452006D0F31 /* Release */ = {
			isa = XCBuildConfiguration;
			buildSettings = {
				ASSETCATALOG_COMPILER_APPICON_NAME = AppIcon;
				CODE_SIGN_STYLE = Automatic;
				INFOPLIST_FILE = Microfeature/Info.plist;
				LD_RUNPATH_SEARCH_PATHS = "$(inherited) @executable_path/Frameworks";
				PRODUCT_BUNDLE_IDENTIFIER = com.ronzohan.Microfeature;
				PRODUCT_NAME = "$(TARGET_NAME)";
				SWIFT_VERSION = 4.0;
				TARGETED_DEVICE_FAMILY = "1,2";
			};
			name = Release;
		};
		EE1E34161FDD8452006D0F31 /* Debug */ = {
			isa = XCBuildConfiguration;
			buildSettings = {
				ALWAYS_EMBED_SWIFT_STANDARD_LIBRARIES = YES;
				BUNDLE_LOADER = "$(TEST_HOST)";
				CODE_SIGN_STYLE = Automatic;
				INFOPLIST_FILE = MicrofeatureTests/Info.plist;
				LD_RUNPATH_SEARCH_PATHS = "$(inherited) @executable_path/Frameworks @loader_path/Frameworks";
				PRODUCT_BUNDLE_IDENTIFIER = com.ronzohan.MicrofeatureTests;
				PRODUCT_NAME = "$(TARGET_NAME)";
				SWIFT_VERSION = 4.0;
				TARGETED_DEVICE_FAMILY = "1,2";
				TEST_HOST = "$(BUILT_PRODUCTS_DIR)/Microfeature.app/Microfeature";
			};
			name = Debug;
		};
		EE1E34171FDD8452006D0F31 /* Release */ = {
			isa = XCBuildConfiguration;
			buildSettings = {
				ALWAYS_EMBED_SWIFT_STANDARD_LIBRARIES = YES;
				BUNDLE_LOADER = "$(TEST_HOST)";
				CODE_SIGN_STYLE = Automatic;
				INFOPLIST_FILE = MicrofeatureTests/Info.plist;
				LD_RUNPATH_SEARCH_PATHS = "$(inherited) @executable_path/Frameworks @loader_path/Frameworks";
				PRODUCT_BUNDLE_IDENTIFIER = com.ronzohan.MicrofeatureTests;
				PRODUCT_NAME = "$(TARGET_NAME)";
				SWIFT_VERSION = 4.0;
				TARGETED_DEVICE_FAMILY = "1,2";
				TEST_HOST = "$(BUILT_PRODUCTS_DIR)/Microfeature.app/Microfeature";
			};
			name = Release;
		};
		EE1E34191FDD8452006D0F31 /* Debug */ = {
			isa = XCBuildConfiguration;
			buildSettings = {
				ALWAYS_EMBED_SWIFT_STANDARD_LIBRARIES = YES;
				CODE_SIGN_STYLE = Automatic;
				INFOPLIST_FILE = MicrofeatureUITests/Info.plist;
				LD_RUNPATH_SEARCH_PATHS = "$(inherited) @executable_path/Frameworks @loader_path/Frameworks";
				PRODUCT_BUNDLE_IDENTIFIER = com.ronzohan.MicrofeatureUITests;
				PRODUCT_NAME = "$(TARGET_NAME)";
				SWIFT_VERSION = 4.0;
				TARGETED_DEVICE_FAMILY = "1,2";
				TEST_TARGET_NAME = Microfeature;
			};
			name = Debug;
		};
		EE1E341A1FDD8452006D0F31 /* Release */ = {
			isa = XCBuildConfiguration;
			buildSettings = {
				ALWAYS_EMBED_SWIFT_STANDARD_LIBRARIES = YES;
				CODE_SIGN_STYLE = Automatic;
				INFOPLIST_FILE = MicrofeatureUITests/Info.plist;
				LD_RUNPATH_SEARCH_PATHS = "$(inherited) @executable_path/Frameworks @loader_path/Frameworks";
				PRODUCT_BUNDLE_IDENTIFIER = com.ronzohan.MicrofeatureUITests;
				PRODUCT_NAME = "$(TARGET_NAME)";
				SWIFT_VERSION = 4.0;
				TARGETED_DEVICE_FAMILY = "1,2";
				TEST_TARGET_NAME = Microfeature;
			};
			name = Release;
		};
/* End XCBuildConfiguration section */

/* Begin XCConfigurationList section */
		EE1E33E21FDD8451006D0F31 /* Build configuration list for PBXProject "Microfeature" */ = {
			isa = XCConfigurationList;
			buildConfigurations = (
				EE1E34101FDD8452006D0F31 /* Debug */,
				EE1E34111FDD8452006D0F31 /* Release */,
			);
			defaultConfigurationIsVisible = 0;
			defaultConfigurationName = Release;
		};
		EE1E34121FDD8452006D0F31 /* Build configuration list for PBXNativeTarget "Microfeature" */ = {
			isa = XCConfigurationList;
			buildConfigurations = (
				EE1E34131FDD8452006D0F31 /* Debug */,
				EE1E34141FDD8452006D0F31 /* Release */,
			);
			defaultConfigurationIsVisible = 0;
			defaultConfigurationName = Release;
		};
		EE1E34151FDD8452006D0F31 /* Build configuration list for PBXNativeTarget "MicrofeatureTests" */ = {
			isa = XCConfigurationList;
			buildConfigurations = (
				EE1E34161FDD8452006D0F31 /* Debug */,
				EE1E34171FDD8452006D0F31 /* Release */,
			);
			defaultConfigurationIsVisible = 0;
			defaultConfigurationName = Release;
		};
		EE1E34181FDD8452006D0F31 /* Build configuration list for PBXNativeTarget "MicrofeatureUITests" */ = {
			isa = XCConfigurationList;
			buildConfigurations = (
				EE1E34191FDD8452006D0F31 /* Debug */,
				EE1E341A1FDD8452006D0F31 /* Release */,
			);
			defaultConfigurationIsVisible = 0;
			defaultConfigurationName = Release;
		};
/* End XCConfigurationList section */

/* Begin XCVersionGroup section */
		EE1E33F11FDD8451006D0F31 /* Microfeature.xcdatamodeld */ = {
			isa = XCVersionGroup;
			children = (
				EE1E33F21FDD8451006D0F31 /* Microfeature.xcdatamodel */,
			);
			currentVersion = EE1E33F21FDD8451006D0F31 /* Microfeature.xcdatamodel */;
			path = Microfeature.xcdatamodeld;
			sourceTree = "<group>";
			versionGroupType = wrapper.xcdatamodel;
		};
/* End XCVersionGroup section */
	};
	rootObject = EE1E33DF1FDD8451006D0F31 /* Project object */;
}
